
Microsoft Visual Studio Solution File, Format Version 12.00
# Visual Studio Version 16
VisualStudioVersion = 16.0.29709.97
MinimumVisualStudioVersion = 10.0.40219.1
Project("{FAE04EC0-301F-11D3-BF4B-00C04F79EFBC}") = "Invoice Total", "Invoice Total\Invoice Total.csproj", "{B732EADA-CDD2-40F8-8546-2928729B8973}"
EndProject
Global
	GlobalSection(SolutionConfigurationPlatforms) = preSolution
		Debug|Any CPU = Debug|Any CPU
		Release|Any CPU = Release|Any CPU
	EndGlobalSection
	GlobalSection(ProjectConfigurationPlatforms) = postSolution
		{B732EADA-CDD2-40F8-8546-2928729B8973}.Debug|Any CPU.ActiveCfg = Debug|Any CPU
		{B732EADA-CDD2-40F8-8546-2928729B8973}.Debug|Any CPU.Build.0 = Debug|Any CPU
		{B732EADA-CDD2-40F8-8546-2928729B8973}.Release|Any CPU.ActiveCfg = Release|Any CPU
		{B732EADA-CDD2-40F8-8546-2928729B8973}.Release|Any CPU.Build.0 = Release|Any CPU
	EndGlobalSection
	GlobalSection(SolutionProperties) = preSolution
		HideSolutionNode = FALSE
	EndGlobalSection
	GlobalSection(ExtensibilityGlobals) = postSolution
		SolutionGuid = {90B015A2-CC99-4CBB-A60D-17F791024570}
	EndGlobalSection
EndGlobal
